
Microsoft Visual Studio Solution File, Format Version 12.00
# Visual Studio Version 16
VisualStudioVersion = 25.0.1700.0
MinimumVisualStudioVersion = 10.0.40219.1
Project("{FAE04EC0-301F-11D3-BF4B-00C04F79EFBC}") = "s3638151_a1", "s3638151_a1\s3638151_a1.csproj", "{044D3194-EB4A-4AC1-A220-8B7433ACF6E6}"
EndProject
Project("{2150E333-8FDC-42A3-9474-1A3956D46DE8}") = "解决方案项", "解决方案项", "{6453DF67-B27E-4022-BC1C-08C6CF961C5A}"
	ProjectSection(SolutionItems) = preProject
		.editorconfig = .editorconfig
	EndProjectSection
EndProject
Global
	GlobalSection(SolutionConfigurationPlatforms) = preSolution
		Debug|Any CPU = Debug|Any CPU
		Release|Any CPU = Release|Any CPU
	EndGlobalSection
	GlobalSection(ProjectConfigurationPlatforms) = postSolution
		{044D3194-EB4A-4AC1-A220-8B7433ACF6E6}.Debug|Any CPU.ActiveCfg = Debug|Any CPU
		{044D3194-EB4A-4AC1-A220-8B7433ACF6E6}.Debug|Any CPU.Build.0 = Debug|Any CPU
		{044D3194-EB4A-4AC1-A220-8B7433ACF6E6}.Release|Any CPU.ActiveCfg = Release|Any CPU
		{044D3194-EB4A-4AC1-A220-8B7433ACF6E6}.Release|Any CPU.Build.0 = Release|Any CPU
	EndGlobalSection
	GlobalSection(SolutionProperties) = preSolution
		HideSolutionNode = FALSE
	EndGlobalSection
	GlobalSection(ExtensibilityGlobals) = postSolution
		SolutionGuid = {DF5D7BF8-8808-4E86-8CF7-30915A07EA4A}
	EndGlobalSection
EndGlobal
